// !$*UTF8*$!
{
	archiveVersion = 1;
	classes = {
	};
	objectVersion = 56;
	objects = {

/* Begin PBXBuildFile section */
		036E3BB02ABDE5C300933601 /* AppDelegate.swift in Sources */ = {isa = PBXBuildFile; fileRef = 036E3BAF2ABDE5C300933601 /* AppDelegate.swift */; };
		036E3BB22ABDE5C300933601 /* SceneDelegate.swift in Sources */ = {isa = PBXBuildFile; fileRef = 036E3BB12ABDE5C300933601 /* SceneDelegate.swift */; };
		036E3BB92ABDE5C400933601 /* Assets.xcassets in Resources */ = {isa = PBXBuildFile; fileRef = 036E3BB82ABDE5C400933601 /* Assets.xcassets */; };
		036E3BBC2ABDE5C400933601 /* LaunchScreen.storyboard in Resources */ = {isa = PBXBuildFile; fileRef = 036E3BBA2ABDE5C400933601 /* LaunchScreen.storyboard */; };
		036E3BC62ABDE62D00933601 /* UsesAutoLayout.swift in Sources */ = {isa = PBXBuildFile; fileRef = 036E3BC42ABDE62D00933601 /* UsesAutoLayout.swift */; };
		036E3BC72ABDE62D00933601 /* NSLayoutConstraintExtension.swift in Sources */ = {isa = PBXBuildFile; fileRef = 036E3BC52ABDE62D00933601 /* NSLayoutConstraintExtension.swift */; };
		036E3BC92ABDE6F700933601 /* BonusVC.swift in Sources */ = {isa = PBXBuildFile; fileRef = 036E3BC82ABDE6F700933601 /* BonusVC.swift */; };
		036E3BCB2ABDE76600933601 /* BonusView.swift in Sources */ = {isa = PBXBuildFile; fileRef = 036E3BCA2ABDE76600933601 /* BonusView.swift */; };
/* End PBXBuildFile section */

/* Begin PBXFileReference section */
		036E3BAC2ABDE5C300933601 /* ProgrammaticLayoutBonus.app */ = {isa = PBXFileReference; explicitFileType = wrapper.application; includeInIndex = 0; path = ProgrammaticLayoutBonus.app; sourceTree = BUILT_PRODUCTS_DIR; };
		036E3BAF2ABDE5C300933601 /* AppDelegate.swift */ = {isa = PBXFileReference; lastKnownFileType = sourcecode.swift; path = AppDelegate.swift; sourceTree = "<group>"; };
		036E3BB12ABDE5C300933601 /* SceneDelegate.swift */ = {isa = PBXFileReference; lastKnownFileType = sourcecode.swift; path = SceneDelegate.swift; sourceTree = "<group>"; };
		036E3BB82ABDE5C400933601 /* Assets.xcassets */ = {isa = PBXFileReference; lastKnownFileType = folder.assetcatalog; path = Assets.xcassets; sourceTree = "<group>"; };
		036E3BBB2ABDE5C400933601 /* Base */ = {isa = PBXFileReference; lastKnownFileType = file.storyboard; name = Base; path = Base.lproj/LaunchScreen.storyboard; sourceTree = "<group>"; };
		036E3BBD2ABDE5C400933601 /* Info.plist */ = {isa = PBXFileReference; lastKnownFileType = text.plist.xml; path = Info.plist; sourceTree = "<group>"; };
		036E3BC42ABDE62D00933601 /* UsesAutoLayout.swift */ = {isa = PBXFileReference; fileEncoding = 4; lastKnownFileType = sourcecode.swift; path = UsesAutoLayout.swift; sourceTree = "<group>"; };
		036E3BC52ABDE62D00933601 /* NSLayoutConstraintExtension.swift */ = {isa = PBXFileReference; fileEncoding = 4; lastKnownFileType = sourcecode.swift; path = NSLayoutConstraintExtension.swift; sourceTree = "<group>"; };
		036E3BC82ABDE6F700933601 /* BonusVC.swift */ = {isa = PBXFileReference; lastKnownFileType = sourcecode.swift; path = BonusVC.swift; sourceTree = "<group>"; };
		036E3BCA2ABDE76600933601 /* BonusView.swift */ = {isa = PBXFileReference; lastKnownFileType = sourcecode.swift; path = BonusView.swift; sourceTree = "<group>"; };
/* End PBXFileReference section */

/* Begin PBXFrameworksBuildPhase section */
		036E3BA92ABDE5C300933601 /* Frameworks */ = {
			isa = PBXFrameworksBuildPhase;
			buildActionMask = 2147483647;
			files = (
			);
			runOnlyForDeploymentPostprocessing = 0;
		};
/* End PBXFrameworksBuildPhase section */

/* Begin PBXGroup section */
		036E3BA32ABDE5C300933601 = {
			isa = PBXGroup;
			children = (
				036E3BAE2ABDE5C300933601 /* ProgrammaticLayoutBonus */,
				036E3BAD2ABDE5C300933601 /* Products */,
			);
			sourceTree = "<group>";
		};
		036E3BAD2ABDE5C300933601 /* Products */ = {
			isa = PBXGroup;
			children = (
				036E3BAC2ABDE5C300933601 /* ProgrammaticLayoutBonus.app */,
			);
			name = Products;
			sourceTree = "<group>";
		};
		036E3BAE2ABDE5C300933601 /* ProgrammaticLayoutBonus */ = {
			isa = PBXGroup;
			children = (
				036E3BAF2ABDE5C300933601 /* AppDelegate.swift */,
				036E3BB82ABDE5C400933601 /* Assets.xcassets */,
				036E3BC82ABDE6F700933601 /* BonusVC.swift */,
				036E3BCA2ABDE76600933601 /* BonusView.swift */,
				036E3BC32ABDE5F200933601 /* Helpers */,
				036E3BBD2ABDE5C400933601 /* Info.plist */,
				036E3BBA2ABDE5C400933601 /* LaunchScreen.storyboard */,
				036E3BB12ABDE5C300933601 /* SceneDelegate.swift */,
			);
			path = ProgrammaticLayoutBonus;
			sourceTree = "<group>";
		};
		036E3BC32ABDE5F200933601 /* Helpers */ = {
			isa = PBXGroup;
			children = (
				036E3BC52ABDE62D00933601 /* NSLayoutConstraintExtension.swift */,
				036E3BC42ABDE62D00933601 /* UsesAutoLayout.swift */,
			);
			path = Helpers;
			sourceTree = "<group>";
		};
/* End PBXGroup section */

/* Begin PBXNativeTarget section */
		036E3BAB2ABDE5C300933601 /* ProgrammaticLayoutBonus */ = {
			isa = PBXNativeTarget;
			buildConfigurationList = 036E3BC02ABDE5C400933601 /* Build configuration list for PBXNativeTarget "ProgrammaticLayoutBonus" */;
			buildPhases = (
				036E3BA82ABDE5C300933601 /* Sources */,
				036E3BA92ABDE5C300933601 /* Frameworks */,
				036E3BAA2ABDE5C300933601 /* Resources */,
			);
			buildRules = (
			);
			dependencies = (
			);
			name = ProgrammaticLayoutBonus;
			productName = ProgrammaticLayoutBonus;
			productReference = 036E3BAC2ABDE5C300933601 /* ProgrammaticLayoutBonus.app */;
			productType = "com.apple.product-type.application";
		};
/* End PBXNativeTarget section */

/* Begin PBXProject section */
		036E3BA42ABDE5C300933601 /* Project object */ = {
			isa = PBXProject;
			attributes = {
				BuildIndependentTargetsInParallel = 1;
				LastSwiftUpdateCheck = 1500;
				LastUpgradeCheck = 1500;
				TargetAttributes = {
					036E3BAB2ABDE5C300933601 = {
						CreatedOnToolsVersion = 15.0;
					};
				};
			};
			buildConfigurationList = 036E3BA72ABDE5C300933601 /* Build configuration list for PBXProject "ProgrammaticLayoutBonus" */;
			compatibilityVersion = "Xcode 14.0";
			developmentRegion = en;
			hasScannedForEncodings = 0;
			knownRegions = (
				en,
				Base,
			);
			mainGroup = 036E3BA32ABDE5C300933601;
			productRefGroup = 036E3BAD2ABDE5C300933601 /* Products */;
			projectDirPath = "";
			projectRoot = "";
			targets = (
				036E3BAB2ABDE5C300933601 /* ProgrammaticLayoutBonus */,
			);
		};
/* End PBXProject section */

/* Begin PBXResourcesBuildPhase section */
		036E3BAA2ABDE5C300933601 /* Resources */ = {
			isa = PBXResourcesBuildPhase;
			buildActionMask = 2147483647;
			files = (
				036E3BBC2ABDE5C400933601 /* LaunchScreen.storyboard in Resources */,
				036E3BB92ABDE5C400933601 /* Assets.xcassets in Resources */,
			);
			runOnlyForDeploymentPostprocessing = 0;
		};
/* End PBXResourcesBuildPhase section */

/* Begin PBXSourcesBuildPhase section */
		036E3BA82ABDE5C300933601 /* Sources */ = {
			isa = PBXSourcesBuildPhase;
			buildActionMask = 2147483647;
			files = (
				036E3BCB2ABDE76600933601 /* BonusView.swift in Sources */,
				036E3BB02ABDE5C300933601 /* AppDelegate.swift in Sources */,
				036E3BC62ABDE62D00933601 /* UsesAutoLayout.swift in Sources */,
				036E3BB22ABDE5C300933601 /* SceneDelegate.swift in Sources */,
				036E3BC92ABDE6F700933601 /* BonusVC.swift in Sources */,
				036E3BC72ABDE62D00933601 /* NSLayoutConstraintExtension.swift in Sources */,
			);
			runOnlyForDeploymentPostprocessing = 0;
		};
/* End PBXSourcesBuildPhase section */

/* Begin PBXVariantGroup section */
		036E3BBA2ABDE5C400933601 /* LaunchScreen.storyboard */ = {
			isa = PBXVariantGroup;
			children = (
				036E3BBB2ABDE5C400933601 /* Base */,
			);
			name = LaunchScreen.storyboard;
			sourceTree = "<group>";
		};
/* End PBXVariantGroup section */

/* Begin XCBuildConfiguration section */
		036E3BBE2ABDE5C400933601 /* Debug */ = {
			isa = XCBuildConfiguration;
			buildSettings = {
				ALWAYS_SEARCH_USER_PATHS = NO;
				ASSETCATALOG_COMPILER_GENERATE_SWIFT_ASSET_SYMBOL_EXTENSIONS = YES;
				CLANG_ANALYZER_NONNULL = YES;
				CLANG_ANALYZER_NUMBER_OBJECT_CONVERSION = YES_AGGRESSIVE;
				CLANG_CXX_LANGUAGE_STANDARD = "gnu++20";
				CLANG_ENABLE_MODULES = YES;
				CLANG_ENABLE_OBJC_ARC = YES;
				CLANG_ENABLE_OBJC_WEAK = YES;
				CLANG_WARN_BLOCK_CAPTURE_AUTORELEASING = YES;
				CLANG_WARN_BOOL_CONVERSION = YES;
				CLANG_WARN_COMMA = YES;
				CLANG_WARN_CONSTANT_CONVERSION = YES;
				CLANG_WARN_DEPRECATED_OBJC_IMPLEMENTATIONS = YES;
				CLANG_WARN_DIRECT_OBJC_ISA_USAGE = YES_ERROR;
				CLANG_WARN_DOCUMENTATION_COMMENTS = YES;
				CLANG_WARN_EMPTY_BODY = YES;
				CLANG_WARN_ENUM_CONVERSION = YES;
				CLANG_WARN_INFINITE_RECURSION = YES;
				CLANG_WARN_INT_CONVERSION = YES;
				CLANG_WARN_NON_LITERAL_NULL_CONVERSION = YES;
				CLANG_WARN_OBJC_IMPLICIT_RETAIN_SELF = YES;
				CLANG_WARN_OBJC_LITERAL_CONVERSION = YES;
				CLANG_WARN_OBJC_ROOT_CLASS = YES_ERROR;
				CLANG_WARN_QUOTED_INCLUDE_IN_FRAMEWORK_HEADER = YES;
				CLANG_WARN_RANGE_LOOP_ANALYSIS = YES;
				CLANG_WARN_STRICT_PROTOTYPES = YES;
				CLANG_WARN_SUSPICIOUS_MOVE = YES;
				CLANG_WARN_UNGUARDED_AVAILABILITY = YES_AGGRESSIVE;
				CLANG_WARN_UNREACHABLE_CODE = YES;
				CLANG_WARN__DUPLICATE_METHOD_MATCH = YES;
				COPY_PHASE_STRIP = NO;
				DEBUG_INFORMATION_FORMAT = dwarf;
				ENABLE_STRICT_OBJC_MSGSEND = YES;
				ENABLE_TESTABILITY = YES;
				ENABLE_USER_SCRIPT_SANDBOXING = YES;
				GCC_C_LANGUAGE_STANDARD = gnu17;
				GCC_DYNAMIC_NO_PIC = NO;
				GCC_NO_COMMON_BLOCKS = YES;
				GCC_OPTIMIZATION_LEVEL = 0;
				GCC_PREPROCESSOR_DEFINITIONS = (
					"DEBUG=1",
					"$(inherited)",
				);
				GCC_WARN_64_TO_32_BIT_CONVERSION = YES;
				GCC_WARN_ABOUT_RETURN_TYPE = YES_ERROR;
				GCC_WARN_UNDECLARED_SELECTOR = YES;
				GCC_WARN_UNINITIALIZED_AUTOS = YES_AGGRESSIVE;
				GCC_WARN_UNUSED_FUNCTION = YES;
				GCC_WARN_UNUSED_VARIABLE = YES;
				IPHONEOS_DEPLOYMENT_TARGET = 17.0;
				LOCALIZATION_PREFERS_STRING_CATALOGS = YES;
				MTL_ENABLE_DEBUG_INFO = INCLUDE_SOURCE;
				MTL_FAST_MATH = YES;
				ONLY_ACTIVE_ARCH = YES;
				SDKROOT = iphoneos;
				SWIFT_ACTIVE_COMPILATION_CONDITIONS = "DEBUG $(inherited)";
				SWIFT_OPTIMIZATION_LEVEL = "-Onone";
			};
			name = Debug;
		};
		036E3BBF2ABDE5C400933601 /* Release */ = {
			isa = XCBuildConfiguration;
			buildSettings = {
				ALWAYS_SEARCH_USER_PATHS = NO;
				ASSETCATALOG_COMPILER_GENERATE_SWIFT_ASSET_SYMBOL_EXTENSIONS = YES;
				CLANG_ANALYZER_NONNULL = YES;
				CLANG_ANALYZER_NUMBER_OBJECT_CONVERSION = YES_AGGRESSIVE;
				CLANG_CXX_LANGUAGE_STANDARD = "gnu++20";
				CLANG_ENABLE_MODULES = YES;
				CLANG_ENABLE_OBJC_ARC = YES;
				CLANG_ENABLE_OBJC_WEAK = YES;
				CLANG_WARN_BLOCK_CAPTURE_AUTORELEASING = YES;
				CLANG_WARN_BOOL_CONVERSION = YES;
				CLANG_WARN_COMMA = YES;
				CLANG_WARN_CONSTANT_CONVERSION = YES;
				CLANG_WARN_DEPRECATED_OBJC_IMPLEMENTATIONS = YES;
				CLANG_WARN_DIRECT_OBJC_ISA_USAGE = YES_ERROR;
				CLANG_WARN_DOCUMENTATION_COMMENTS = YES;
				CLANG_WARN_EMPTY_BODY = YES;
				CLANG_WARN_ENUM_CONVERSION = YES;
				CLANG_WARN_INFINITE_RECURSION = YES;
				CLANG_WARN_INT_CONVERSION = YES;
				CLANG_WARN_NON_LITERAL_NULL_CONVERSION = YES;
				CLANG_WARN_OBJC_IMPLICIT_RETAIN_SELF = YES;
				CLANG_WARN_OBJC_LITERAL_CONVERSION = YES;
				CLANG_WARN_OBJC_ROOT_CLASS = YES_ERROR;
				CLANG_WARN_QUOTED_INCLUDE_IN_FRAMEWORK_HEADER = YES;
				CLANG_WARN_RANGE_LOOP_ANALYSIS = YES;
				CLANG_WARN_STRICT_PROTOTYPES = YES;
				CLANG_WARN_SUSPICIOUS_MOVE = YES;
				CLANG_WARN_UNGUARDED_AVAILABILITY = YES_AGGRESSIVE;
				CLANG_WARN_UNREACHABLE_CODE = YES;
				CLANG_WARN__DUPLICATE_METHOD_MATCH = YES;
				COPY_PHASE_STRIP = NO;
				DEBUG_INFORMATION_FORMAT = "dwarf-with-dsym";
				ENABLE_NS_ASSERTIONS = NO;
				ENABLE_STRICT_OBJC_MSGSEND = YES;
				ENABLE_USER_SCRIPT_SANDBOXING = YES;
				GCC_C_LANGUAGE_STANDARD = gnu17;
				GCC_NO_COMMON_BLOCKS = YES;
				GCC_WARN_64_TO_32_BIT_CONVERSION = YES;
				GCC_WARN_ABOUT_RETURN_TYPE = YES_ERROR;
				GCC_WARN_UNDECLARED_SELECTOR = YES;
				GCC_WARN_UNINITIALIZED_AUTOS = YES_AGGRESSIVE;
				GCC_WARN_UNUSED_FUNCTION = YES;
				GCC_WARN_UNUSED_VARIABLE = YES;
				IPHONEOS_DEPLOYMENT_TARGET = 17.0;
				LOCALIZATION_PREFERS_STRING_CATALOGS = YES;
				MTL_ENABLE_DEBUG_INFO = NO;
				MTL_FAST_MATH = YES;
				SDKROOT = iphoneos;
				SWIFT_COMPILATION_MODE = wholemodule;
				VALIDATE_PRODUCT = YES;
			};
			name = Release;
		};
		036E3BC12ABDE5C400933601 /* Debug */ = {
			isa = XCBuildConfiguration;
			buildSettings = {
				ASSETCATALOG_COMPILER_APPICON_NAME = AppIcon;
				ASSETCATALOG_COMPILER_GLOBAL_ACCENT_COLOR_NAME = AccentColor;
				CODE_SIGN_STYLE = Automatic;
				CURRENT_PROJECT_VERSION = 1;
				DEVELOPMENT_TEAM = "";
				GENERATE_INFOPLIST_FILE = YES;
				INFOPLIST_FILE = ProgrammaticLayoutBonus/Info.plist;
				INFOPLIST_KEY_UIApplicationSupportsIndirectInputEvents = YES;
				INFOPLIST_KEY_UILaunchStoryboardName = LaunchScreen;
				INFOPLIST_KEY_UIMainStoryboardFile = "";
				INFOPLIST_KEY_UISupportedInterfaceOrientations_iPad = "UIInterfaceOrientationPortrait UIInterfaceOrientationPortraitUpsideDown UIInterfaceOrientationLandscapeLeft UIInterfaceOrientationLandscapeRight";
				INFOPLIST_KEY_UISupportedInterfaceOrientations_iPhone = "UIInterfaceOrientationPortrait UIInterfaceOrientationLandscapeLeft UIInterfaceOrientationLandscapeRight";
				LD_RUNPATH_SEARCH_PATHS = (
					"$(inherited)",
					"@executable_path/Frameworks",
				);
				MARKETING_VERSION = 1.0;
				PRODUCT_BUNDLE_IDENTIFIER = biz.joshadams.ProgrammaticLayoutBonus;
				PRODUCT_NAME = "$(TARGET_NAME)";
				SWIFT_EMIT_LOC_STRINGS = YES;
				SWIFT_VERSION = 5.0;
				TARGETED_DEVICE_FAMILY = "1,2";
			};
			name = Debug;
		};
		036E3BC22ABDE5C400933601 /* Release */ = {
			isa = XCBuildConfiguration;
			buildSettings = {
				ASSETCATALOG_COMPILER_APPICON_NAME = AppIcon;
				ASSETCATALOG_COMPILER_GLOBAL_ACCENT_COLOR_NAME = AccentColor;
				CODE_SIGN_STYLE = Automatic;
				CURRENT_PROJECT_VERSION = 1;
				DEVELOPMENT_TEAM = "";
				GENERATE_INFOPLIST_FILE = YES;
				INFOPLIST_FILE = ProgrammaticLayoutBonus/Info.plist;
				INFOPLIST_KEY_UIApplicationSupportsIndirectInputEvents = YES;
				INFOPLIST_KEY_UILaunchStoryboardName = LaunchScreen;
				INFOPLIST_KEY_UIMainStoryboardFile = "";
				INFOPLIST_KEY_UISupportedInterfaceOrientations_iPad = "UIInterfaceOrientationPortrait UIInterfaceOrientationPortraitUpsideDown UIInterfaceOrientationLandscapeLeft UIInterfaceOrientationLandscapeRight";
				INFOPLIST_KEY_UISupportedInterfaceOrientations_iPhone = "UIInterfaceOrientationPortrait UIInterfaceOrientationLandscapeLeft UIInterfaceOrientationLandscapeRight";
				LD_RUNPATH_SEARCH_PATHS = (
					"$(inherited)",
					"@executable_path/Frameworks",
				);
				MARKETING_VERSION = 1.0;
				PRODUCT_BUNDLE_IDENTIFIER = biz.joshadams.ProgrammaticLayoutBonus;
				PRODUCT_NAME = "$(TARGET_NAME)";
				SWIFT_EMIT_LOC_STRINGS = YES;
				SWIFT_VERSION = 5.0;
				TARGETED_DEVICE_FAMILY = "1,2";
			};
			name = Release;
		};
/* End XCBuildConfiguration section */

/* Begin XCConfigurationList section */
		036E3BA72ABDE5C300933601 /* Build configuration list for PBXProject "ProgrammaticLayoutBonus" */ = {
			isa = XCConfigurationList;
			buildConfigurations = (
				036E3BBE2ABDE5C400933601 /* Debug */,
				036E3BBF2ABDE5C400933601 /* Release */,
			);
			defaultConfigurationIsVisible = 0;
			defaultConfigurationName = Release;
		};
		036E3BC02ABDE5C400933601 /* Build configuration list for PBXNativeTarget "ProgrammaticLayoutBonus" */ = {
			isa = XCConfigurationList;
			buildConfigurations = (
				036E3BC12ABDE5C400933601 /* Debug */,
				036E3BC22ABDE5C400933601 /* Release */,
			);
			defaultConfigurationIsVisible = 0;
			defaultConfigurationName = Release;
		};
/* End XCConfigurationList section */
	};
	rootObject = 036E3BA42ABDE5C300933601 /* Project object */;
}
