// !$*UTF8*$!
{
	archiveVersion = 1;
	classes = {
	};
	objectVersion = 56;
	objects = {

/* Begin PBXBuildFile section */
		031DB4AB2AC4FA1800BDAF30 /* KatFancyApp.swift in Sources */ = {isa = PBXBuildFile; fileRef = 031DB4AA2AC4FA1800BDAF30 /* KatFancyApp.swift */; };
		031DB4AD2AC4FA1800BDAF30 /* ContentView.swift in Sources */ = {isa = PBXBuildFile; fileRef = 031DB4AC2AC4FA1800BDAF30 /* ContentView.swift */; };
		031DB4AF2AC4FA1900BDAF30 /* Assets.xcassets in Resources */ = {isa = PBXBuildFile; fileRef = 031DB4AE2AC4FA1900BDAF30 /* Assets.xcassets */; };
		031DB4B22AC4FA1900BDAF30 /* Preview Assets.xcassets in Resources */ = {isa = PBXBuildFile; fileRef = 031DB4B12AC4FA1900BDAF30 /* Preview Assets.xcassets */; };
		03F0BD3E2AC4FA8300B66FAA /* Breed.swift in Sources */ = {isa = PBXBuildFile; fileRef = 03F0BD3D2AC4FA8300B66FAA /* Breed.swift */; };
		03F0BD402AC4FAB000B66FAA /* License.swift in Sources */ = {isa = PBXBuildFile; fileRef = 03F0BD3F2AC4FAB000B66FAA /* License.swift */; };
		03F0BD432AC4FAF500B66FAA /* URLExtension.swift in Sources */ = {isa = PBXBuildFile; fileRef = 03F0BD422AC4FAF500B66FAA /* URLExtension.swift */; };
		03F0BD452AC4FB2600B66FAA /* Breeds.swift in Sources */ = {isa = PBXBuildFile; fileRef = 03F0BD442AC4FB2600B66FAA /* Breeds.swift */; };
		03F0BD472AC4FB4600B66FAA /* BreedsLoader.swift in Sources */ = {isa = PBXBuildFile; fileRef = 03F0BD462AC4FB4600B66FAA /* BreedsLoader.swift */; };
/* End PBXBuildFile section */

/* Begin PBXFileReference section */
		031DB4A72AC4FA1800BDAF30 /* KatFancy.app */ = {isa = PBXFileReference; explicitFileType = wrapper.application; includeInIndex = 0; path = KatFancy.app; sourceTree = BUILT_PRODUCTS_DIR; };
		031DB4AA2AC4FA1800BDAF30 /* KatFancyApp.swift */ = {isa = PBXFileReference; lastKnownFileType = sourcecode.swift; path = KatFancyApp.swift; sourceTree = "<group>"; };
		031DB4AC2AC4FA1800BDAF30 /* ContentView.swift */ = {isa = PBXFileReference; lastKnownFileType = sourcecode.swift; path = ContentView.swift; sourceTree = "<group>"; };
		031DB4AE2AC4FA1900BDAF30 /* Assets.xcassets */ = {isa = PBXFileReference; lastKnownFileType = folder.assetcatalog; path = Assets.xcassets; sourceTree = "<group>"; };
		031DB4B12AC4FA1900BDAF30 /* Preview Assets.xcassets */ = {isa = PBXFileReference; lastKnownFileType = folder.assetcatalog; path = "Preview Assets.xcassets"; sourceTree = "<group>"; };
		03F0BD3D2AC4FA8300B66FAA /* Breed.swift */ = {isa = PBXFileReference; lastKnownFileType = sourcecode.swift; path = Breed.swift; sourceTree = "<group>"; };
		03F0BD3F2AC4FAB000B66FAA /* License.swift */ = {isa = PBXFileReference; lastKnownFileType = sourcecode.swift; path = License.swift; sourceTree = "<group>"; };
		03F0BD422AC4FAF500B66FAA /* URLExtension.swift */ = {isa = PBXFileReference; lastKnownFileType = sourcecode.swift; path = URLExtension.swift; sourceTree = "<group>"; };
		03F0BD442AC4FB2600B66FAA /* Breeds.swift */ = {isa = PBXFileReference; lastKnownFileType = sourcecode.swift; path = Breeds.swift; sourceTree = "<group>"; };
		03F0BD462AC4FB4600B66FAA /* BreedsLoader.swift */ = {isa = PBXFileReference; lastKnownFileType = sourcecode.swift; path = BreedsLoader.swift; sourceTree = "<group>"; };
/* End PBXFileReference section */

/* Begin PBXFrameworksBuildPhase section */
		031DB4A42AC4FA1800BDAF30 /* Frameworks */ = {
			isa = PBXFrameworksBuildPhase;
			buildActionMask = 2147483647;
			files = (
			);
			runOnlyForDeploymentPostprocessing = 0;
		};
/* End PBXFrameworksBuildPhase section */

/* Begin PBXGroup section */
		031DB49E2AC4FA1800BDAF30 = {
			isa = PBXGroup;
			children = (
				031DB4A92AC4FA1800BDAF30 /* KatFancy */,
				031DB4A82AC4FA1800BDAF30 /* Products */,
			);
			sourceTree = "<group>";
		};
		031DB4A82AC4FA1800BDAF30 /* Products */ = {
			isa = PBXGroup;
			children = (
				031DB4A72AC4FA1800BDAF30 /* KatFancy.app */,
			);
			name = Products;
			sourceTree = "<group>";
		};
		031DB4A92AC4FA1800BDAF30 /* KatFancy */ = {
			isa = PBXGroup;
			children = (
				031DB4AE2AC4FA1900BDAF30 /* Assets.xcassets */,
				031DB4AC2AC4FA1800BDAF30 /* ContentView.swift */,
				03F0BD412AC4FAE400B66FAA /* Helpers */,
				031DB4AA2AC4FA1800BDAF30 /* KatFancyApp.swift */,
				03F0BD3C2AC4FA7200B66FAA /* Models */,
				031DB4B02AC4FA1900BDAF30 /* Preview Content */,
			);
			path = KatFancy;
			sourceTree = "<group>";
		};
		031DB4B02AC4FA1900BDAF30 /* Preview Content */ = {
			isa = PBXGroup;
			children = (
				031DB4B12AC4FA1900BDAF30 /* Preview Assets.xcassets */,
			);
			path = "Preview Content";
			sourceTree = "<group>";
		};
		03F0BD3C2AC4FA7200B66FAA /* Models */ = {
			isa = PBXGroup;
			children = (
				03F0BD3D2AC4FA8300B66FAA /* Breed.swift */,
				03F0BD442AC4FB2600B66FAA /* Breeds.swift */,
				03F0BD3F2AC4FAB000B66FAA /* License.swift */,
			);
			path = Models;
			sourceTree = "<group>";
		};
		03F0BD412AC4FAE400B66FAA /* Helpers */ = {
			isa = PBXGroup;
			children = (
				03F0BD462AC4FB4600B66FAA /* BreedsLoader.swift */,
				03F0BD422AC4FAF500B66FAA /* URLExtension.swift */,
			);
			path = Helpers;
			sourceTree = "<group>";
		};
/* End PBXGroup section */

/* Begin PBXNativeTarget section */
		031DB4A62AC4FA1800BDAF30 /* KatFancy */ = {
			isa = PBXNativeTarget;
			buildConfigurationList = 031DB4B52AC4FA1900BDAF30 /* Build configuration list for PBXNativeTarget "KatFancy" */;
			buildPhases = (
				031DB4A32AC4FA1800BDAF30 /* Sources */,
				031DB4A42AC4FA1800BDAF30 /* Frameworks */,
				031DB4A52AC4FA1800BDAF30 /* Resources */,
				03F0BD482AC4FC2400B66FAA /* Run SwiftLint */,
			);
			buildRules = (
			);
			dependencies = (
			);
			name = KatFancy;
			productName = KatFancy;
			productReference = 031DB4A72AC4FA1800BDAF30 /* KatFancy.app */;
			productType = "com.apple.product-type.application";
		};
/* End PBXNativeTarget section */

/* Begin PBXProject section */
		031DB49F2AC4FA1800BDAF30 /* Project object */ = {
			isa = PBXProject;
			attributes = {
				BuildIndependentTargetsInParallel = 1;
				LastSwiftUpdateCheck = 1500;
				LastUpgradeCheck = 1500;
				TargetAttributes = {
					031DB4A62AC4FA1800BDAF30 = {
						CreatedOnToolsVersion = 15.0;
					};
				};
			};
			buildConfigurationList = 031DB4A22AC4FA1800BDAF30 /* Build configuration list for PBXProject "KatFancy" */;
			compatibilityVersion = "Xcode 14.0";
			developmentRegion = en;
			hasScannedForEncodings = 0;
			knownRegions = (
				en,
				Base,
			);
			mainGroup = 031DB49E2AC4FA1800BDAF30;
			productRefGroup = 031DB4A82AC4FA1800BDAF30 /* Products */;
			projectDirPath = "";
			projectRoot = "";
			targets = (
				031DB4A62AC4FA1800BDAF30 /* KatFancy */,
			);
		};
/* End PBXProject section */

/* Begin PBXResourcesBuildPhase section */
		031DB4A52AC4FA1800BDAF30 /* Resources */ = {
			isa = PBXResourcesBuildPhase;
			buildActionMask = 2147483647;
			files = (
				031DB4B22AC4FA1900BDAF30 /* Preview Assets.xcassets in Resources */,
				031DB4AF2AC4FA1900BDAF30 /* Assets.xcassets in Resources */,
			);
			runOnlyForDeploymentPostprocessing = 0;
		};
/* End PBXResourcesBuildPhase section */

/* Begin PBXShellScriptBuildPhase section */
		03F0BD482AC4FC2400B66FAA /* Run SwiftLint */ = {
			isa = PBXShellScriptBuildPhase;
			alwaysOutOfDate = 1;
			buildActionMask = 2147483647;
			files = (
			);
			inputFileListPaths = (
			);
			inputPaths = (
			);
			name = "Run SwiftLint";
			outputFileListPaths = (
			);
			outputPaths = (
			);
			runOnlyForDeploymentPostprocessing = 0;
			shellPath = /bin/sh;
			shellScript = "if which swiftlint >/dev/null; then\nswiftlint\nelse\necho \"Warning: SwiftLint not installed. Download from https://github.com/realm/SwiftLint.\"\nfi\n";
		};
/* End PBXShellScriptBuildPhase section */

/* Begin PBXSourcesBuildPhase section */
		031DB4A32AC4FA1800BDAF30 /* Sources */ = {
			isa = PBXSourcesBuildPhase;
			buildActionMask = 2147483647;
			files = (
				03F0BD432AC4FAF500B66FAA /* URLExtension.swift in Sources */,
				03F0BD472AC4FB4600B66FAA /* BreedsLoader.swift in Sources */,
				03F0BD3E2AC4FA8300B66FAA /* Breed.swift in Sources */,
				031DB4AD2AC4FA1800BDAF30 /* ContentView.swift in Sources */,
				031DB4AB2AC4FA1800BDAF30 /* KatFancyApp.swift in Sources */,
				03F0BD452AC4FB2600B66FAA /* Breeds.swift in Sources */,
				03F0BD402AC4FAB000B66FAA /* License.swift in Sources */,
			);
			runOnlyForDeploymentPostprocessing = 0;
		};
/* End PBXSourcesBuildPhase section */

/* Begin XCBuildConfiguration section */
		031DB4B32AC4FA1900BDAF30 /* Debug */ = {
			isa = XCBuildConfiguration;
			buildSettings = {
				ALWAYS_SEARCH_USER_PATHS = NO;
				ASSETCATALOG_COMPILER_GENERATE_SWIFT_ASSET_SYMBOL_EXTENSIONS = YES;
				CLANG_ANALYZER_NONNULL = YES;
				CLANG_ANALYZER_NUMBER_OBJECT_CONVERSION = YES_AGGRESSIVE;
				CLANG_CXX_LANGUAGE_STANDARD = "gnu++20";
				CLANG_ENABLE_MODULES = YES;
				CLANG_ENABLE_OBJC_ARC = YES;
				CLANG_ENABLE_OBJC_WEAK = YES;
				CLANG_WARN_BLOCK_CAPTURE_AUTORELEASING = YES;
				CLANG_WARN_BOOL_CONVERSION = YES;
				CLANG_WARN_COMMA = YES;
				CLANG_WARN_CONSTANT_CONVERSION = YES;
				CLANG_WARN_DEPRECATED_OBJC_IMPLEMENTATIONS = YES;
				CLANG_WARN_DIRECT_OBJC_ISA_USAGE = YES_ERROR;
				CLANG_WARN_DOCUMENTATION_COMMENTS = YES;
				CLANG_WARN_EMPTY_BODY = YES;
				CLANG_WARN_ENUM_CONVERSION = YES;
				CLANG_WARN_INFINITE_RECURSION = YES;
				CLANG_WARN_INT_CONVERSION = YES;
				CLANG_WARN_NON_LITERAL_NULL_CONVERSION = YES;
				CLANG_WARN_OBJC_IMPLICIT_RETAIN_SELF = YES;
				CLANG_WARN_OBJC_LITERAL_CONVERSION = YES;
				CLANG_WARN_OBJC_ROOT_CLASS = YES_ERROR;
				CLANG_WARN_QUOTED_INCLUDE_IN_FRAMEWORK_HEADER = YES;
				CLANG_WARN_RANGE_LOOP_ANALYSIS = YES;
				CLANG_WARN_STRICT_PROTOTYPES = YES;
				CLANG_WARN_SUSPICIOUS_MOVE = YES;
				CLANG_WARN_UNGUARDED_AVAILABILITY = YES_AGGRESSIVE;
				CLANG_WARN_UNREACHABLE_CODE = YES;
				CLANG_WARN__DUPLICATE_METHOD_MATCH = YES;
				COPY_PHASE_STRIP = NO;
				DEBUG_INFORMATION_FORMAT = dwarf;
				ENABLE_STRICT_OBJC_MSGSEND = YES;
				ENABLE_TESTABILITY = YES;
				ENABLE_USER_SCRIPT_SANDBOXING = NO;
				GCC_C_LANGUAGE_STANDARD = gnu17;
				GCC_DYNAMIC_NO_PIC = NO;
				GCC_NO_COMMON_BLOCKS = YES;
				GCC_OPTIMIZATION_LEVEL = 0;
				GCC_PREPROCESSOR_DEFINITIONS = (
					"DEBUG=1",
					"$(inherited)",
				);
				GCC_WARN_64_TO_32_BIT_CONVERSION = YES;
				GCC_WARN_ABOUT_RETURN_TYPE = YES_ERROR;
				GCC_WARN_UNDECLARED_SELECTOR = YES;
				GCC_WARN_UNINITIALIZED_AUTOS = YES_AGGRESSIVE;
				GCC_WARN_UNUSED_FUNCTION = YES;
				GCC_WARN_UNUSED_VARIABLE = YES;
				IPHONEOS_DEPLOYMENT_TARGET = 17.0;
				LOCALIZATION_PREFERS_STRING_CATALOGS = YES;
				MTL_ENABLE_DEBUG_INFO = INCLUDE_SOURCE;
				MTL_FAST_MATH = YES;
				ONLY_ACTIVE_ARCH = YES;
				SDKROOT = iphoneos;
				SWIFT_ACTIVE_COMPILATION_CONDITIONS = "DEBUG $(inherited)";
				SWIFT_OPTIMIZATION_LEVEL = "-Onone";
			};
			name = Debug;
		};
		031DB4B42AC4FA1900BDAF30 /* Release */ = {
			isa = XCBuildConfiguration;
			buildSettings = {
				ALWAYS_SEARCH_USER_PATHS = NO;
				ASSETCATALOG_COMPILER_GENERATE_SWIFT_ASSET_SYMBOL_EXTENSIONS = YES;
				CLANG_ANALYZER_NONNULL = YES;
				CLANG_ANALYZER_NUMBER_OBJECT_CONVERSION = YES_AGGRESSIVE;
				CLANG_CXX_LANGUAGE_STANDARD = "gnu++20";
				CLANG_ENABLE_MODULES = YES;
				CLANG_ENABLE_OBJC_ARC = YES;
				CLANG_ENABLE_OBJC_WEAK = YES;
				CLANG_WARN_BLOCK_CAPTURE_AUTORELEASING = YES;
				CLANG_WARN_BOOL_CONVERSION = YES;
				CLANG_WARN_COMMA = YES;
				CLANG_WARN_CONSTANT_CONVERSION = YES;
				CLANG_WARN_DEPRECATED_OBJC_IMPLEMENTATIONS = YES;
				CLANG_WARN_DIRECT_OBJC_ISA_USAGE = YES_ERROR;
				CLANG_WARN_DOCUMENTATION_COMMENTS = YES;
				CLANG_WARN_EMPTY_BODY = YES;
				CLANG_WARN_ENUM_CONVERSION = YES;
				CLANG_WARN_INFINITE_RECURSION = YES;
				CLANG_WARN_INT_CONVERSION = YES;
				CLANG_WARN_NON_LITERAL_NULL_CONVERSION = YES;
				CLANG_WARN_OBJC_IMPLICIT_RETAIN_SELF = YES;
				CLANG_WARN_OBJC_LITERAL_CONVERSION = YES;
				CLANG_WARN_OBJC_ROOT_CLASS = YES_ERROR;
				CLANG_WARN_QUOTED_INCLUDE_IN_FRAMEWORK_HEADER = YES;
				CLANG_WARN_RANGE_LOOP_ANALYSIS = YES;
				CLANG_WARN_STRICT_PROTOTYPES = YES;
				CLANG_WARN_SUSPICIOUS_MOVE = YES;
				CLANG_WARN_UNGUARDED_AVAILABILITY = YES_AGGRESSIVE;
				CLANG_WARN_UNREACHABLE_CODE = YES;
				CLANG_WARN__DUPLICATE_METHOD_MATCH = YES;
				COPY_PHASE_STRIP = NO;
				DEBUG_INFORMATION_FORMAT = "dwarf-with-dsym";
				ENABLE_NS_ASSERTIONS = NO;
				ENABLE_STRICT_OBJC_MSGSEND = YES;
				ENABLE_USER_SCRIPT_SANDBOXING = NO;
				GCC_C_LANGUAGE_STANDARD = gnu17;
				GCC_NO_COMMON_BLOCKS = YES;
				GCC_WARN_64_TO_32_BIT_CONVERSION = YES;
				GCC_WARN_ABOUT_RETURN_TYPE = YES_ERROR;
				GCC_WARN_UNDECLARED_SELECTOR = YES;
				GCC_WARN_UNINITIALIZED_AUTOS = YES_AGGRESSIVE;
				GCC_WARN_UNUSED_FUNCTION = YES;
				GCC_WARN_UNUSED_VARIABLE = YES;
				IPHONEOS_DEPLOYMENT_TARGET = 17.0;
				LOCALIZATION_PREFERS_STRING_CATALOGS = YES;
				MTL_ENABLE_DEBUG_INFO = NO;
				MTL_FAST_MATH = YES;
				SDKROOT = iphoneos;
				SWIFT_COMPILATION_MODE = wholemodule;
				VALIDATE_PRODUCT = YES;
			};
			name = Release;
		};
		031DB4B62AC4FA1900BDAF30 /* Debug */ = {
			isa = XCBuildConfiguration;
			buildSettings = {
				ASSETCATALOG_COMPILER_APPICON_NAME = AppIcon;
				ASSETCATALOG_COMPILER_GLOBAL_ACCENT_COLOR_NAME = AccentColor;
				CODE_SIGN_STYLE = Automatic;
				CURRENT_PROJECT_VERSION = 1;
				DEVELOPMENT_ASSET_PATHS = "\"KatFancy/Preview Content\"";
				DEVELOPMENT_TEAM = "";
				ENABLE_PREVIEWS = YES;
				ENABLE_USER_SCRIPT_SANDBOXING = NO;
				GENERATE_INFOPLIST_FILE = YES;
				INFOPLIST_KEY_UIApplicationSceneManifest_Generation = YES;
				INFOPLIST_KEY_UIApplicationSupportsIndirectInputEvents = YES;
				INFOPLIST_KEY_UILaunchScreen_Generation = YES;
				INFOPLIST_KEY_UISupportedInterfaceOrientations_iPad = "UIInterfaceOrientationPortrait UIInterfaceOrientationPortraitUpsideDown UIInterfaceOrientationLandscapeLeft UIInterfaceOrientationLandscapeRight";
				INFOPLIST_KEY_UISupportedInterfaceOrientations_iPhone = "UIInterfaceOrientationPortrait UIInterfaceOrientationLandscapeLeft UIInterfaceOrientationLandscapeRight";
				LD_RUNPATH_SEARCH_PATHS = (
					"$(inherited)",
					"@executable_path/Frameworks",
				);
				MARKETING_VERSION = 1.0;
				PRODUCT_BUNDLE_IDENTIFIER = biz.joshadams.KatFancy;
				PRODUCT_NAME = "$(TARGET_NAME)";
				SWIFT_EMIT_LOC_STRINGS = YES;
				SWIFT_VERSION = 5.0;
				TARGETED_DEVICE_FAMILY = "1,2";
			};
			name = Debug;
		};
		031DB4B72AC4FA1900BDAF30 /* Release */ = {
			isa = XCBuildConfiguration;
			buildSettings = {
				ASSETCATALOG_COMPILER_APPICON_NAME = AppIcon;
				ASSETCATALOG_COMPILER_GLOBAL_ACCENT_COLOR_NAME = AccentColor;
				CODE_SIGN_STYLE = Automatic;
				CURRENT_PROJECT_VERSION = 1;
				DEVELOPMENT_ASSET_PATHS = "\"KatFancy/Preview Content\"";
				DEVELOPMENT_TEAM = "";
				ENABLE_PREVIEWS = YES;
				ENABLE_USER_SCRIPT_SANDBOXING = NO;
				GENERATE_INFOPLIST_FILE = YES;
				INFOPLIST_KEY_UIApplicationSceneManifest_Generation = YES;
				INFOPLIST_KEY_UIApplicationSupportsIndirectInputEvents = YES;
				INFOPLIST_KEY_UILaunchScreen_Generation = YES;
				INFOPLIST_KEY_UISupportedInterfaceOrientations_iPad = "UIInterfaceOrientationPortrait UIInterfaceOrientationPortraitUpsideDown UIInterfaceOrientationLandscapeLeft UIInterfaceOrientationLandscapeRight";
				INFOPLIST_KEY_UISupportedInterfaceOrientations_iPhone = "UIInterfaceOrientationPortrait UIInterfaceOrientationLandscapeLeft UIInterfaceOrientationLandscapeRight";
				LD_RUNPATH_SEARCH_PATHS = (
					"$(inherited)",
					"@executable_path/Frameworks",
				);
				MARKETING_VERSION = 1.0;
				PRODUCT_BUNDLE_IDENTIFIER = biz.joshadams.KatFancy;
				PRODUCT_NAME = "$(TARGET_NAME)";
				SWIFT_EMIT_LOC_STRINGS = YES;
				SWIFT_VERSION = 5.0;
				TARGETED_DEVICE_FAMILY = "1,2";
			};
			name = Release;
		};
/* End XCBuildConfiguration section */

/* Begin XCConfigurationList section */
		031DB4A22AC4FA1800BDAF30 /* Build configuration list for PBXProject "KatFancy" */ = {
			isa = XCConfigurationList;
			buildConfigurations = (
				031DB4B32AC4FA1900BDAF30 /* Debug */,
				031DB4B42AC4FA1900BDAF30 /* Release */,
			);
			defaultConfigurationIsVisible = 0;
			defaultConfigurationName = Release;
		};
		031DB4B52AC4FA1900BDAF30 /* Build configuration list for PBXNativeTarget "KatFancy" */ = {
			isa = XCConfigurationList;
			buildConfigurations = (
				031DB4B62AC4FA1900BDAF30 /* Debug */,
				031DB4B72AC4FA1900BDAF30 /* Release */,
			);
			defaultConfigurationIsVisible = 0;
			defaultConfigurationName = Release;
		};
/* End XCConfigurationList section */
	};
	rootObject = 031DB49F2AC4FA1800BDAF30 /* Project object */;
}
