// !$*UTF8*$!
{
	archiveVersion = 1;
	classes = {
	};
	objectVersion = 56;
	objects = {

/* Begin PBXBuildFile section */
		036E3BE02AC0F6EF00933601 /* Main.storyboard in Resources */ = {isa = PBXBuildFile; fileRef = 036E3BDE2AC0F6EF00933601 /* Main.storyboard */; };
		036E3BE22AC0F6F200933601 /* Assets.xcassets in Resources */ = {isa = PBXBuildFile; fileRef = 036E3BE12AC0F6F200933601 /* Assets.xcassets */; };
		036E3BE52AC0F6F200933601 /* LaunchScreen.storyboard in Resources */ = {isa = PBXBuildFile; fileRef = 036E3BE32AC0F6F200933601 /* LaunchScreen.storyboard */; };
		03F62F3B2AC0F91E00465A9C /* chime.mp3 in Resources */ = {isa = PBXBuildFile; fileRef = 03F62F392AC0F91E00465A9C /* chime.mp3 */; };
		03F62F3C2AC0F91E00465A9C /* sadTrombone.mp3 in Resources */ = {isa = PBXBuildFile; fileRef = 03F62F3A2AC0F91E00465A9C /* sadTrombone.mp3 */; };
		03F62F3E2AC0F98F00465A9C /* ConverterVC.swift in Sources */ = {isa = PBXBuildFile; fileRef = 03F62F3D2AC0F98F00465A9C /* ConverterVC.swift */; };
		03F62F412AC0F9B300465A9C /* AppDelegate.swift in Sources */ = {isa = PBXBuildFile; fileRef = 03F62F3F2AC0F9B300465A9C /* AppDelegate.swift */; };
		03F62F422AC0F9B300465A9C /* SceneDelegate.swift in Sources */ = {isa = PBXBuildFile; fileRef = 03F62F402AC0F9B300465A9C /* SceneDelegate.swift */; };
		03F62F4E2AC0F9E100465A9C /* SoundPlayer.swift in Sources */ = {isa = PBXBuildFile; fileRef = 03F62F432AC0F9E100465A9C /* SoundPlayer.swift */; };
		03F62F4F2AC0F9E100465A9C /* UIViewControllerExtension.swift in Sources */ = {isa = PBXBuildFile; fileRef = 03F62F442AC0F9E100465A9C /* UIViewControllerExtension.swift */; };
		03F62F502AC0F9E100465A9C /* AnalyticsService.swift in Sources */ = {isa = PBXBuildFile; fileRef = 03F62F452AC0F9E100465A9C /* AnalyticsService.swift */; };
		03F62F512AC0F9E100465A9C /* Layout.swift in Sources */ = {isa = PBXBuildFile; fileRef = 03F62F462AC0F9E100465A9C /* Layout.swift */; };
		03F62F522AC0F9E100465A9C /* Config.swift in Sources */ = {isa = PBXBuildFile; fileRef = 03F62F472AC0F9E100465A9C /* Config.swift */; };
		03F62F532AC0F9E100465A9C /* UsesAutoLayout.swift in Sources */ = {isa = PBXBuildFile; fileRef = 03F62F482AC0F9E100465A9C /* UsesAutoLayout.swift */; };
		03F62F542AC0F9E100465A9C /* Device.swift in Sources */ = {isa = PBXBuildFile; fileRef = 03F62F492AC0F9E100465A9C /* Device.swift */; };
		03F62F552AC0F9E100465A9C /* NSCoderExtension.swift in Sources */ = {isa = PBXBuildFile; fileRef = 03F62F4A2AC0F9E100465A9C /* NSCoderExtension.swift */; };
		03F62F562AC0F9E100465A9C /* PersistentStorage.swift in Sources */ = {isa = PBXBuildFile; fileRef = 03F62F4B2AC0F9E100465A9C /* PersistentStorage.swift */; };
		03F62F572AC0F9E100465A9C /* NSLayoutConstraintExtension.swift in Sources */ = {isa = PBXBuildFile; fileRef = 03F62F4C2AC0F9E100465A9C /* NSLayoutConstraintExtension.swift */; };
		03F62F582AC0F9E100465A9C /* WeatherRequester.swift in Sources */ = {isa = PBXBuildFile; fileRef = 03F62F4D2AC0F9E100465A9C /* WeatherRequester.swift */; };
		03F62F5F2AC0FA0200465A9C /* Sound.swift in Sources */ = {isa = PBXBuildFile; fileRef = 03F62F592AC0FA0200465A9C /* Sound.swift */; };
		03F62F602AC0FA0200465A9C /* Converter.swift in Sources */ = {isa = PBXBuildFile; fileRef = 03F62F5A2AC0FA0200465A9C /* Converter.swift */; };
		03F62F612AC0FA0200465A9C /* Weather.swift in Sources */ = {isa = PBXBuildFile; fileRef = 03F62F5B2AC0FA0200465A9C /* Weather.swift */; };
		03F62F622AC0FA0200465A9C /* AnalyticsEvent.swift in Sources */ = {isa = PBXBuildFile; fileRef = 03F62F5C2AC0FA0200465A9C /* AnalyticsEvent.swift */; };
		03F62F632AC0FA0200465A9C /* WeatherResponse.swift in Sources */ = {isa = PBXBuildFile; fileRef = 03F62F5D2AC0FA0200465A9C /* WeatherResponse.swift */; };
		03F62F642AC0FA0200465A9C /* TempAndWeathers.swift in Sources */ = {isa = PBXBuildFile; fileRef = 03F62F5E2AC0FA0200465A9C /* TempAndWeathers.swift */; };
		03F62F672AC0FA1B00465A9C /* ConverterView.swift in Sources */ = {isa = PBXBuildFile; fileRef = 03F62F652AC0FA1B00465A9C /* ConverterView.swift */; };
		03F62F682AC0FA1B00465A9C /* ResultCell.swift in Sources */ = {isa = PBXBuildFile; fileRef = 03F62F662AC0FA1B00465A9C /* ResultCell.swift */; };
/* End PBXBuildFile section */

/* Begin PBXFileReference section */
		036E3BD52AC0F6EF00933601 /* RomanNumerals.app */ = {isa = PBXFileReference; explicitFileType = wrapper.application; includeInIndex = 0; path = RomanNumerals.app; sourceTree = BUILT_PRODUCTS_DIR; };
		036E3BDF2AC0F6EF00933601 /* Base */ = {isa = PBXFileReference; lastKnownFileType = file.storyboard; name = Base; path = Base.lproj/Main.storyboard; sourceTree = "<group>"; };
		036E3BE12AC0F6F200933601 /* Assets.xcassets */ = {isa = PBXFileReference; lastKnownFileType = folder.assetcatalog; path = Assets.xcassets; sourceTree = "<group>"; };
		036E3BE42AC0F6F200933601 /* Base */ = {isa = PBXFileReference; lastKnownFileType = file.storyboard; name = Base; path = Base.lproj/LaunchScreen.storyboard; sourceTree = "<group>"; };
		036E3BE62AC0F6F200933601 /* Info.plist */ = {isa = PBXFileReference; lastKnownFileType = text.plist.xml; path = Info.plist; sourceTree = "<group>"; };
		03F62F392AC0F91E00465A9C /* chime.mp3 */ = {isa = PBXFileReference; lastKnownFileType = audio.mp3; path = chime.mp3; sourceTree = "<group>"; };
		03F62F3A2AC0F91E00465A9C /* sadTrombone.mp3 */ = {isa = PBXFileReference; lastKnownFileType = audio.mp3; path = sadTrombone.mp3; sourceTree = "<group>"; };
		03F62F3D2AC0F98F00465A9C /* ConverterVC.swift */ = {isa = PBXFileReference; fileEncoding = 4; lastKnownFileType = sourcecode.swift; path = ConverterVC.swift; sourceTree = "<group>"; };
		03F62F3F2AC0F9B300465A9C /* AppDelegate.swift */ = {isa = PBXFileReference; fileEncoding = 4; lastKnownFileType = sourcecode.swift; path = AppDelegate.swift; sourceTree = "<group>"; };
		03F62F402AC0F9B300465A9C /* SceneDelegate.swift */ = {isa = PBXFileReference; fileEncoding = 4; lastKnownFileType = sourcecode.swift; path = SceneDelegate.swift; sourceTree = "<group>"; };
		03F62F432AC0F9E100465A9C /* SoundPlayer.swift */ = {isa = PBXFileReference; fileEncoding = 4; lastKnownFileType = sourcecode.swift; path = SoundPlayer.swift; sourceTree = "<group>"; };
		03F62F442AC0F9E100465A9C /* UIViewControllerExtension.swift */ = {isa = PBXFileReference; fileEncoding = 4; lastKnownFileType = sourcecode.swift; path = UIViewControllerExtension.swift; sourceTree = "<group>"; };
		03F62F452AC0F9E100465A9C /* AnalyticsService.swift */ = {isa = PBXFileReference; fileEncoding = 4; lastKnownFileType = sourcecode.swift; path = AnalyticsService.swift; sourceTree = "<group>"; };
		03F62F462AC0F9E100465A9C /* Layout.swift */ = {isa = PBXFileReference; fileEncoding = 4; lastKnownFileType = sourcecode.swift; path = Layout.swift; sourceTree = "<group>"; };
		03F62F472AC0F9E100465A9C /* Config.swift */ = {isa = PBXFileReference; fileEncoding = 4; lastKnownFileType = sourcecode.swift; path = Config.swift; sourceTree = "<group>"; };
		03F62F482AC0F9E100465A9C /* UsesAutoLayout.swift */ = {isa = PBXFileReference; fileEncoding = 4; lastKnownFileType = sourcecode.swift; path = UsesAutoLayout.swift; sourceTree = "<group>"; };
		03F62F492AC0F9E100465A9C /* Device.swift */ = {isa = PBXFileReference; fileEncoding = 4; lastKnownFileType = sourcecode.swift; path = Device.swift; sourceTree = "<group>"; };
		03F62F4A2AC0F9E100465A9C /* NSCoderExtension.swift */ = {isa = PBXFileReference; fileEncoding = 4; lastKnownFileType = sourcecode.swift; path = NSCoderExtension.swift; sourceTree = "<group>"; };
		03F62F4B2AC0F9E100465A9C /* PersistentStorage.swift */ = {isa = PBXFileReference; fileEncoding = 4; lastKnownFileType = sourcecode.swift; path = PersistentStorage.swift; sourceTree = "<group>"; };
		03F62F4C2AC0F9E100465A9C /* NSLayoutConstraintExtension.swift */ = {isa = PBXFileReference; fileEncoding = 4; lastKnownFileType = sourcecode.swift; path = NSLayoutConstraintExtension.swift; sourceTree = "<group>"; };
		03F62F4D2AC0F9E100465A9C /* WeatherRequester.swift */ = {isa = PBXFileReference; fileEncoding = 4; lastKnownFileType = sourcecode.swift; path = WeatherRequester.swift; sourceTree = "<group>"; };
		03F62F592AC0FA0200465A9C /* Sound.swift */ = {isa = PBXFileReference; fileEncoding = 4; lastKnownFileType = sourcecode.swift; path = Sound.swift; sourceTree = "<group>"; };
		03F62F5A2AC0FA0200465A9C /* Converter.swift */ = {isa = PBXFileReference; fileEncoding = 4; lastKnownFileType = sourcecode.swift; path = Converter.swift; sourceTree = "<group>"; };
		03F62F5B2AC0FA0200465A9C /* Weather.swift */ = {isa = PBXFileReference; fileEncoding = 4; lastKnownFileType = sourcecode.swift; path = Weather.swift; sourceTree = "<group>"; };
		03F62F5C2AC0FA0200465A9C /* AnalyticsEvent.swift */ = {isa = PBXFileReference; fileEncoding = 4; lastKnownFileType = sourcecode.swift; path = AnalyticsEvent.swift; sourceTree = "<group>"; };
		03F62F5D2AC0FA0200465A9C /* WeatherResponse.swift */ = {isa = PBXFileReference; fileEncoding = 4; lastKnownFileType = sourcecode.swift; path = WeatherResponse.swift; sourceTree = "<group>"; };
		03F62F5E2AC0FA0200465A9C /* TempAndWeathers.swift */ = {isa = PBXFileReference; fileEncoding = 4; lastKnownFileType = sourcecode.swift; path = TempAndWeathers.swift; sourceTree = "<group>"; };
		03F62F652AC0FA1B00465A9C /* ConverterView.swift */ = {isa = PBXFileReference; fileEncoding = 4; lastKnownFileType = sourcecode.swift; path = ConverterView.swift; sourceTree = "<group>"; };
		03F62F662AC0FA1B00465A9C /* ResultCell.swift */ = {isa = PBXFileReference; fileEncoding = 4; lastKnownFileType = sourcecode.swift; path = ResultCell.swift; sourceTree = "<group>"; };
/* End PBXFileReference section */

/* Begin PBXFrameworksBuildPhase section */
		036E3BD22AC0F6EF00933601 /* Frameworks */ = {
			isa = PBXFrameworksBuildPhase;
			buildActionMask = 2147483647;
			files = (
			);
			runOnlyForDeploymentPostprocessing = 0;
		};
/* End PBXFrameworksBuildPhase section */

/* Begin PBXGroup section */
		036E3BCC2AC0F6EF00933601 = {
			isa = PBXGroup;
			children = (
				036E3BD72AC0F6EF00933601 /* RomanNumerals */,
				036E3BD62AC0F6EF00933601 /* Products */,
			);
			sourceTree = "<group>";
		};
		036E3BD62AC0F6EF00933601 /* Products */ = {
			isa = PBXGroup;
			children = (
				036E3BD52AC0F6EF00933601 /* RomanNumerals.app */,
			);
			name = Products;
			sourceTree = "<group>";
		};
		036E3BD72AC0F6EF00933601 /* RomanNumerals */ = {
			isa = PBXGroup;
			children = (
				03F62F382AC0F7DF00465A9C /* Assets */,
				03F62F372AC0F7DD00465A9C /* Controller */,
				03F62F362AC0F7DC00465A9C /* Delegates */,
				03F62F352AC0F7DA00465A9C /* Helpers */,
				03F62F342AC0F7D800465A9C /* Models */,
				03F62F332AC0F7B900465A9C /* Views */,
				036E3BE62AC0F6F200933601 /* Info.plist */,
			);
			path = RomanNumerals;
			sourceTree = "<group>";
		};
		03F62F332AC0F7B900465A9C /* Views */ = {
			isa = PBXGroup;
			children = (
				03F62F652AC0FA1B00465A9C /* ConverterView.swift */,
				03F62F662AC0FA1B00465A9C /* ResultCell.swift */,
			);
			path = Views;
			sourceTree = "<group>";
		};
		03F62F342AC0F7D800465A9C /* Models */ = {
			isa = PBXGroup;
			children = (
				03F62F5C2AC0FA0200465A9C /* AnalyticsEvent.swift */,
				03F62F5A2AC0FA0200465A9C /* Converter.swift */,
				03F62F592AC0FA0200465A9C /* Sound.swift */,
				03F62F5E2AC0FA0200465A9C /* TempAndWeathers.swift */,
				03F62F5B2AC0FA0200465A9C /* Weather.swift */,
				03F62F5D2AC0FA0200465A9C /* WeatherResponse.swift */,
			);
			path = Models;
			sourceTree = "<group>";
		};
		03F62F352AC0F7DA00465A9C /* Helpers */ = {
			isa = PBXGroup;
			children = (
				03F62F452AC0F9E100465A9C /* AnalyticsService.swift */,
				03F62F472AC0F9E100465A9C /* Config.swift */,
				03F62F492AC0F9E100465A9C /* Device.swift */,
				03F62F462AC0F9E100465A9C /* Layout.swift */,
				03F62F4A2AC0F9E100465A9C /* NSCoderExtension.swift */,
				03F62F4C2AC0F9E100465A9C /* NSLayoutConstraintExtension.swift */,
				03F62F4B2AC0F9E100465A9C /* PersistentStorage.swift */,
				03F62F432AC0F9E100465A9C /* SoundPlayer.swift */,
				03F62F442AC0F9E100465A9C /* UIViewControllerExtension.swift */,
				03F62F482AC0F9E100465A9C /* UsesAutoLayout.swift */,
				03F62F4D2AC0F9E100465A9C /* WeatherRequester.swift */,
			);
			path = Helpers;
			sourceTree = "<group>";
		};
		03F62F362AC0F7DC00465A9C /* Delegates */ = {
			isa = PBXGroup;
			children = (
				03F62F3F2AC0F9B300465A9C /* AppDelegate.swift */,
				03F62F402AC0F9B300465A9C /* SceneDelegate.swift */,
			);
			path = Delegates;
			sourceTree = "<group>";
		};
		03F62F372AC0F7DD00465A9C /* Controller */ = {
			isa = PBXGroup;
			children = (
				03F62F3D2AC0F98F00465A9C /* ConverterVC.swift */,
			);
			path = Controller;
			sourceTree = "<group>";
		};
		03F62F382AC0F7DF00465A9C /* Assets */ = {
			isa = PBXGroup;
			children = (
				036E3BE12AC0F6F200933601 /* Assets.xcassets */,
				03F62F392AC0F91E00465A9C /* chime.mp3 */,
				036E3BE32AC0F6F200933601 /* LaunchScreen.storyboard */,
				036E3BDE2AC0F6EF00933601 /* Main.storyboard */,
				03F62F3A2AC0F91E00465A9C /* sadTrombone.mp3 */,
			);
			path = Assets;
			sourceTree = "<group>";
		};
/* End PBXGroup section */

/* Begin PBXNativeTarget section */
		036E3BD42AC0F6EF00933601 /* RomanNumerals */ = {
			isa = PBXNativeTarget;
			buildConfigurationList = 036E3BE92AC0F6F200933601 /* Build configuration list for PBXNativeTarget "RomanNumerals" */;
			buildPhases = (
				036E3BD12AC0F6EF00933601 /* Sources */,
				036E3BD22AC0F6EF00933601 /* Frameworks */,
				036E3BD32AC0F6EF00933601 /* Resources */,
			);
			buildRules = (
			);
			dependencies = (
			);
			name = RomanNumerals;
			productName = RomanNumerals;
			productReference = 036E3BD52AC0F6EF00933601 /* RomanNumerals.app */;
			productType = "com.apple.product-type.application";
		};
/* End PBXNativeTarget section */

/* Begin PBXProject section */
		036E3BCD2AC0F6EF00933601 /* Project object */ = {
			isa = PBXProject;
			attributes = {
				BuildIndependentTargetsInParallel = 1;
				LastSwiftUpdateCheck = 1500;
				LastUpgradeCheck = 1500;
				TargetAttributes = {
					036E3BD42AC0F6EF00933601 = {
						CreatedOnToolsVersion = 15.0;
						LastSwiftMigration = 1500;
					};
				};
			};
			buildConfigurationList = 036E3BD02AC0F6EF00933601 /* Build configuration list for PBXProject "RomanNumerals" */;
			compatibilityVersion = "Xcode 14.0";
			developmentRegion = en;
			hasScannedForEncodings = 0;
			knownRegions = (
				en,
				Base,
			);
			mainGroup = 036E3BCC2AC0F6EF00933601;
			productRefGroup = 036E3BD62AC0F6EF00933601 /* Products */;
			projectDirPath = "";
			projectRoot = "";
			targets = (
				036E3BD42AC0F6EF00933601 /* RomanNumerals */,
			);
		};
/* End PBXProject section */

/* Begin PBXResourcesBuildPhase section */
		036E3BD32AC0F6EF00933601 /* Resources */ = {
			isa = PBXResourcesBuildPhase;
			buildActionMask = 2147483647;
			files = (
				036E3BE52AC0F6F200933601 /* LaunchScreen.storyboard in Resources */,
				03F62F3B2AC0F91E00465A9C /* chime.mp3 in Resources */,
				03F62F3C2AC0F91E00465A9C /* sadTrombone.mp3 in Resources */,
				036E3BE22AC0F6F200933601 /* Assets.xcassets in Resources */,
				036E3BE02AC0F6EF00933601 /* Main.storyboard in Resources */,
			);
			runOnlyForDeploymentPostprocessing = 0;
		};
/* End PBXResourcesBuildPhase section */

/* Begin PBXSourcesBuildPhase section */
		036E3BD12AC0F6EF00933601 /* Sources */ = {
			isa = PBXSourcesBuildPhase;
			buildActionMask = 2147483647;
			files = (
				03F62F562AC0F9E100465A9C /* PersistentStorage.swift in Sources */,
				03F62F612AC0FA0200465A9C /* Weather.swift in Sources */,
				03F62F502AC0F9E100465A9C /* AnalyticsService.swift in Sources */,
				03F62F602AC0FA0200465A9C /* Converter.swift in Sources */,
				03F62F682AC0FA1B00465A9C /* ResultCell.swift in Sources */,
				03F62F532AC0F9E100465A9C /* UsesAutoLayout.swift in Sources */,
				03F62F412AC0F9B300465A9C /* AppDelegate.swift in Sources */,
				03F62F3E2AC0F98F00465A9C /* ConverterVC.swift in Sources */,
				03F62F4F2AC0F9E100465A9C /* UIViewControllerExtension.swift in Sources */,
				03F62F572AC0F9E100465A9C /* NSLayoutConstraintExtension.swift in Sources */,
				03F62F672AC0FA1B00465A9C /* ConverterView.swift in Sources */,
				03F62F622AC0FA0200465A9C /* AnalyticsEvent.swift in Sources */,
				03F62F512AC0F9E100465A9C /* Layout.swift in Sources */,
				03F62F522AC0F9E100465A9C /* Config.swift in Sources */,
				03F62F4E2AC0F9E100465A9C /* SoundPlayer.swift in Sources */,
				03F62F5F2AC0FA0200465A9C /* Sound.swift in Sources */,
				03F62F632AC0FA0200465A9C /* WeatherResponse.swift in Sources */,
				03F62F422AC0F9B300465A9C /* SceneDelegate.swift in Sources */,
				03F62F642AC0FA0200465A9C /* TempAndWeathers.swift in Sources */,
				03F62F582AC0F9E100465A9C /* WeatherRequester.swift in Sources */,
				03F62F552AC0F9E100465A9C /* NSCoderExtension.swift in Sources */,
				03F62F542AC0F9E100465A9C /* Device.swift in Sources */,
			);
			runOnlyForDeploymentPostprocessing = 0;
		};
/* End PBXSourcesBuildPhase section */

/* Begin PBXVariantGroup section */
		036E3BDE2AC0F6EF00933601 /* Main.storyboard */ = {
			isa = PBXVariantGroup;
			children = (
				036E3BDF2AC0F6EF00933601 /* Base */,
			);
			name = Main.storyboard;
			sourceTree = "<group>";
		};
		036E3BE32AC0F6F200933601 /* LaunchScreen.storyboard */ = {
			isa = PBXVariantGroup;
			children = (
				036E3BE42AC0F6F200933601 /* Base */,
			);
			name = LaunchScreen.storyboard;
			sourceTree = "<group>";
		};
/* End PBXVariantGroup section */

/* Begin XCBuildConfiguration section */
		036E3BE72AC0F6F200933601 /* Debug */ = {
			isa = XCBuildConfiguration;
			buildSettings = {
				ALWAYS_SEARCH_USER_PATHS = NO;
				ASSETCATALOG_COMPILER_GENERATE_SWIFT_ASSET_SYMBOL_EXTENSIONS = YES;
				CLANG_ANALYZER_NONNULL = YES;
				CLANG_ANALYZER_NUMBER_OBJECT_CONVERSION = YES_AGGRESSIVE;
				CLANG_CXX_LANGUAGE_STANDARD = "gnu++20";
				CLANG_ENABLE_MODULES = YES;
				CLANG_ENABLE_OBJC_ARC = YES;
				CLANG_ENABLE_OBJC_WEAK = YES;
				CLANG_WARN_BLOCK_CAPTURE_AUTORELEASING = YES;
				CLANG_WARN_BOOL_CONVERSION = YES;
				CLANG_WARN_COMMA = YES;
				CLANG_WARN_CONSTANT_CONVERSION = YES;
				CLANG_WARN_DEPRECATED_OBJC_IMPLEMENTATIONS = YES;
				CLANG_WARN_DIRECT_OBJC_ISA_USAGE = YES_ERROR;
				CLANG_WARN_DOCUMENTATION_COMMENTS = YES;
				CLANG_WARN_EMPTY_BODY = YES;
				CLANG_WARN_ENUM_CONVERSION = YES;
				CLANG_WARN_INFINITE_RECURSION = YES;
				CLANG_WARN_INT_CONVERSION = YES;
				CLANG_WARN_NON_LITERAL_NULL_CONVERSION = YES;
				CLANG_WARN_OBJC_IMPLICIT_RETAIN_SELF = YES;
				CLANG_WARN_OBJC_LITERAL_CONVERSION = YES;
				CLANG_WARN_OBJC_ROOT_CLASS = YES_ERROR;
				CLANG_WARN_QUOTED_INCLUDE_IN_FRAMEWORK_HEADER = YES;
				CLANG_WARN_RANGE_LOOP_ANALYSIS = YES;
				CLANG_WARN_STRICT_PROTOTYPES = YES;
				CLANG_WARN_SUSPICIOUS_MOVE = YES;
				CLANG_WARN_UNGUARDED_AVAILABILITY = YES_AGGRESSIVE;
				CLANG_WARN_UNREACHABLE_CODE = YES;
				CLANG_WARN__DUPLICATE_METHOD_MATCH = YES;
				COPY_PHASE_STRIP = NO;
				DEBUG_INFORMATION_FORMAT = dwarf;
				ENABLE_STRICT_OBJC_MSGSEND = YES;
				ENABLE_TESTABILITY = YES;
				ENABLE_USER_SCRIPT_SANDBOXING = YES;
				GCC_C_LANGUAGE_STANDARD = gnu17;
				GCC_DYNAMIC_NO_PIC = NO;
				GCC_NO_COMMON_BLOCKS = YES;
				GCC_OPTIMIZATION_LEVEL = 0;
				GCC_PREPROCESSOR_DEFINITIONS = (
					"DEBUG=1",
					"$(inherited)",
				);
				GCC_WARN_64_TO_32_BIT_CONVERSION = YES;
				GCC_WARN_ABOUT_RETURN_TYPE = YES_ERROR;
				GCC_WARN_UNDECLARED_SELECTOR = YES;
				GCC_WARN_UNINITIALIZED_AUTOS = YES_AGGRESSIVE;
				GCC_WARN_UNUSED_FUNCTION = YES;
				GCC_WARN_UNUSED_VARIABLE = YES;
				IPHONEOS_DEPLOYMENT_TARGET = 17.0;
				LOCALIZATION_PREFERS_STRING_CATALOGS = YES;
				MTL_ENABLE_DEBUG_INFO = INCLUDE_SOURCE;
				MTL_FAST_MATH = YES;
				ONLY_ACTIVE_ARCH = YES;
				SDKROOT = iphoneos;
				SWIFT_ACTIVE_COMPILATION_CONDITIONS = "DEBUG $(inherited)";
				SWIFT_OPTIMIZATION_LEVEL = "-Onone";
			};
			name = Debug;
		};
		036E3BE82AC0F6F200933601 /* Release */ = {
			isa = XCBuildConfiguration;
			buildSettings = {
				ALWAYS_SEARCH_USER_PATHS = NO;
				ASSETCATALOG_COMPILER_GENERATE_SWIFT_ASSET_SYMBOL_EXTENSIONS = YES;
				CLANG_ANALYZER_NONNULL = YES;
				CLANG_ANALYZER_NUMBER_OBJECT_CONVERSION = YES_AGGRESSIVE;
				CLANG_CXX_LANGUAGE_STANDARD = "gnu++20";
				CLANG_ENABLE_MODULES = YES;
				CLANG_ENABLE_OBJC_ARC = YES;
				CLANG_ENABLE_OBJC_WEAK = YES;
				CLANG_WARN_BLOCK_CAPTURE_AUTORELEASING = YES;
				CLANG_WARN_BOOL_CONVERSION = YES;
				CLANG_WARN_COMMA = YES;
				CLANG_WARN_CONSTANT_CONVERSION = YES;
				CLANG_WARN_DEPRECATED_OBJC_IMPLEMENTATIONS = YES;
				CLANG_WARN_DIRECT_OBJC_ISA_USAGE = YES_ERROR;
				CLANG_WARN_DOCUMENTATION_COMMENTS = YES;
				CLANG_WARN_EMPTY_BODY = YES;
				CLANG_WARN_ENUM_CONVERSION = YES;
				CLANG_WARN_INFINITE_RECURSION = YES;
				CLANG_WARN_INT_CONVERSION = YES;
				CLANG_WARN_NON_LITERAL_NULL_CONVERSION = YES;
				CLANG_WARN_OBJC_IMPLICIT_RETAIN_SELF = YES;
				CLANG_WARN_OBJC_LITERAL_CONVERSION = YES;
				CLANG_WARN_OBJC_ROOT_CLASS = YES_ERROR;
				CLANG_WARN_QUOTED_INCLUDE_IN_FRAMEWORK_HEADER = YES;
				CLANG_WARN_RANGE_LOOP_ANALYSIS = YES;
				CLANG_WARN_STRICT_PROTOTYPES = YES;
				CLANG_WARN_SUSPICIOUS_MOVE = YES;
				CLANG_WARN_UNGUARDED_AVAILABILITY = YES_AGGRESSIVE;
				CLANG_WARN_UNREACHABLE_CODE = YES;
				CLANG_WARN__DUPLICATE_METHOD_MATCH = YES;
				COPY_PHASE_STRIP = NO;
				DEBUG_INFORMATION_FORMAT = "dwarf-with-dsym";
				ENABLE_NS_ASSERTIONS = NO;
				ENABLE_STRICT_OBJC_MSGSEND = YES;
				ENABLE_USER_SCRIPT_SANDBOXING = YES;
				GCC_C_LANGUAGE_STANDARD = gnu17;
				GCC_NO_COMMON_BLOCKS = YES;
				GCC_WARN_64_TO_32_BIT_CONVERSION = YES;
				GCC_WARN_ABOUT_RETURN_TYPE = YES_ERROR;
				GCC_WARN_UNDECLARED_SELECTOR = YES;
				GCC_WARN_UNINITIALIZED_AUTOS = YES_AGGRESSIVE;
				GCC_WARN_UNUSED_FUNCTION = YES;
				GCC_WARN_UNUSED_VARIABLE = YES;
				IPHONEOS_DEPLOYMENT_TARGET = 17.0;
				LOCALIZATION_PREFERS_STRING_CATALOGS = YES;
				MTL_ENABLE_DEBUG_INFO = NO;
				MTL_FAST_MATH = YES;
				SDKROOT = iphoneos;
				SWIFT_COMPILATION_MODE = wholemodule;
				VALIDATE_PRODUCT = YES;
			};
			name = Release;
		};
		036E3BEA2AC0F6F200933601 /* Debug */ = {
			isa = XCBuildConfiguration;
			buildSettings = {
				ASSETCATALOG_COMPILER_APPICON_NAME = AppIcon;
				ASSETCATALOG_COMPILER_GLOBAL_ACCENT_COLOR_NAME = AccentColor;
				CLANG_ENABLE_MODULES = YES;
				CODE_SIGN_STYLE = Automatic;
				CURRENT_PROJECT_VERSION = 1;
				DEVELOPMENT_TEAM = "";
				GENERATE_INFOPLIST_FILE = YES;
				INFOPLIST_FILE = RomanNumerals/Info.plist;
				INFOPLIST_KEY_UIApplicationSupportsIndirectInputEvents = YES;
				INFOPLIST_KEY_UILaunchStoryboardName = LaunchScreen;
				INFOPLIST_KEY_UISupportedInterfaceOrientations_iPad = "UIInterfaceOrientationPortrait UIInterfaceOrientationPortraitUpsideDown UIInterfaceOrientationLandscapeLeft UIInterfaceOrientationLandscapeRight";
				INFOPLIST_KEY_UISupportedInterfaceOrientations_iPhone = "UIInterfaceOrientationPortrait UIInterfaceOrientationLandscapeLeft UIInterfaceOrientationLandscapeRight";
				LD_RUNPATH_SEARCH_PATHS = (
					"$(inherited)",
					"@executable_path/Frameworks",
				);
				MARKETING_VERSION = 1.0;
				PRODUCT_BUNDLE_IDENTIFIER = biz.joshadams.RomanNumerals;
				PRODUCT_NAME = "$(TARGET_NAME)";
				SWIFT_EMIT_LOC_STRINGS = YES;
				SWIFT_OPTIMIZATION_LEVEL = "-Onone";
				SWIFT_VERSION = 5.0;
				TARGETED_DEVICE_FAMILY = "1,2";
			};
			name = Debug;
		};
		036E3BEB2AC0F6F200933601 /* Release */ = {
			isa = XCBuildConfiguration;
			buildSettings = {
				ASSETCATALOG_COMPILER_APPICON_NAME = AppIcon;
				ASSETCATALOG_COMPILER_GLOBAL_ACCENT_COLOR_NAME = AccentColor;
				CLANG_ENABLE_MODULES = YES;
				CODE_SIGN_STYLE = Automatic;
				CURRENT_PROJECT_VERSION = 1;
				DEVELOPMENT_TEAM = "";
				GENERATE_INFOPLIST_FILE = YES;
				INFOPLIST_FILE = RomanNumerals/Info.plist;
				INFOPLIST_KEY_UIApplicationSupportsIndirectInputEvents = YES;
				INFOPLIST_KEY_UILaunchStoryboardName = LaunchScreen;
				INFOPLIST_KEY_UISupportedInterfaceOrientations_iPad = "UIInterfaceOrientationPortrait UIInterfaceOrientationPortraitUpsideDown UIInterfaceOrientationLandscapeLeft UIInterfaceOrientationLandscapeRight";
				INFOPLIST_KEY_UISupportedInterfaceOrientations_iPhone = "UIInterfaceOrientationPortrait UIInterfaceOrientationLandscapeLeft UIInterfaceOrientationLandscapeRight";
				LD_RUNPATH_SEARCH_PATHS = (
					"$(inherited)",
					"@executable_path/Frameworks",
				);
				MARKETING_VERSION = 1.0;
				PRODUCT_BUNDLE_IDENTIFIER = biz.joshadams.RomanNumerals;
				PRODUCT_NAME = "$(TARGET_NAME)";
				SWIFT_EMIT_LOC_STRINGS = YES;
				SWIFT_VERSION = 5.0;
				TARGETED_DEVICE_FAMILY = "1,2";
			};
			name = Release;
		};
/* End XCBuildConfiguration section */

/* Begin XCConfigurationList section */
		036E3BD02AC0F6EF00933601 /* Build configuration list for PBXProject "RomanNumerals" */ = {
			isa = XCConfigurationList;
			buildConfigurations = (
				036E3BE72AC0F6F200933601 /* Debug */,
				036E3BE82AC0F6F200933601 /* Release */,
			);
			defaultConfigurationIsVisible = 0;
			defaultConfigurationName = Release;
		};
		036E3BE92AC0F6F200933601 /* Build configuration list for PBXNativeTarget "RomanNumerals" */ = {
			isa = XCConfigurationList;
			buildConfigurations = (
				036E3BEA2AC0F6F200933601 /* Debug */,
				036E3BEB2AC0F6F200933601 /* Release */,
			);
			defaultConfigurationIsVisible = 0;
			defaultConfigurationName = Release;
		};
/* End XCConfigurationList section */
	};
	rootObject = 036E3BCD2AC0F6EF00933601 /* Project object */;
}
